
Microsoft Visual Studio Solution File, Format Version 12.00
# Visual Studio Version 17
VisualStudioVersion = 17.0.31903.59
MinimumVisualStudioVersion = 10.0.40219.1
Project("{9A19103F-16F7-4668-BE54-9A1E7A4F7556}") = "Dflat", "Dflat\Dflat.csproj", "{83740B5D-2480-4CDF-95B3-779B1FC7BD5D}"
EndProject
Project("{9A19103F-16F7-4668-BE54-9A1E7A4F7556}") = "Dflat.Tests", "Dflat.Tests\Dflat.Tests.csproj", "{629FE5F3-76A5-49A6-8B43-29A776B19682}"
EndProject
Project("{FAE04EC0-301F-11D3-BF4B-00C04F79EFBC}") = "Dflat.Examples", "Dflat.Examples\Dflat.Examples.csproj", "{B11D0FAC-683E-4C56-BD5A-E9EEC7EBD725}"
EndProject
Global
	GlobalSection(SolutionConfigurationPlatforms) = preSolution
		Debug|Any CPU = Debug|Any CPU
		Release|Any CPU = Release|Any CPU
	EndGlobalSection
	GlobalSection(ProjectConfigurationPlatforms) = postSolution
		{83740B5D-2480-4CDF-95B3-779B1FC7BD5D}.Debug|Any CPU.ActiveCfg = Debug|Any CPU
		{83740B5D-2480-4CDF-95B3-779B1FC7BD5D}.Debug|Any CPU.Build.0 = Debug|Any CPU
		{83740B5D-2480-4CDF-95B3-779B1FC7BD5D}.Release|Any CPU.ActiveCfg = Release|Any CPU
		{83740B5D-2480-4CDF-95B3-779B1FC7BD5D}.Release|Any CPU.Build.0 = Release|Any CPU
		{629FE5F3-76A5-49A6-8B43-29A776B19682}.Debug|Any CPU.ActiveCfg = Debug|Any CPU
		{629FE5F3-76A5-49A6-8B43-29A776B19682}.Debug|Any CPU.Build.0 = Debug|Any CPU
		{629FE5F3-76A5-49A6-8B43-29A776B19682}.Release|Any CPU.ActiveCfg = Release|Any CPU
		{629FE5F3-76A5-49A6-8B43-29A776B19682}.Release|Any CPU.Build.0 = Release|Any CPU
		{B11D0FAC-683E-4C56-BD5A-E9EEC7EBD725}.Debug|Any CPU.ActiveCfg = Debug|Any CPU
		{B11D0FAC-683E-4C56-BD5A-E9EEC7EBD725}.Debug|Any CPU.Build.0 = Debug|Any CPU
		{B11D0FAC-683E-4C56-BD5A-E9EEC7EBD725}.Release|Any CPU.ActiveCfg = Release|Any CPU
		{B11D0FAC-683E-4C56-BD5A-E9EEC7EBD725}.Release|Any CPU.Build.0 = Release|Any CPU
	EndGlobalSection
	GlobalSection(SolutionProperties) = preSolution
		HideSolutionNode = FALSE
	EndGlobalSection
	GlobalSection(ExtensibilityGlobals) = postSolution
		SolutionGuid = {07436D8B-2111-4FDF-B7A6-953C66728A45}
	EndGlobalSection
EndGlobal
